PODS:
  - MultiPlatformLibrary (0.3.2-19)

DEPENDENCIES:
  - MultiPlatformLibrary (from `../MultiPlatformLibrary`)

EXTERNAL SOURCES:
  MultiPlatformLibrary:
    :path: "../MultiPlatformLibrary"

SPEC CHECKSUMS:
  MultiPlatformLibrary: 17d68a4a95e3d83917f56f4b037a4bad48eaea41

PODFILE CHECKSUM: 98f129854622357d23222956ba5bf69bf541be7a

COCOAPODS: 1.8.4
