PODS:
  - MultiPlatformLibrary (0.4.3-34)

DEPENDENCIES:
  - MultiPlatformLibrary (from `../MultiPlatformLibrary`)

EXTERNAL SOURCES:
  MultiPlatformLibrary:
    :path: "../MultiPlatformLibrary"

SPEC CHECKSUMS:
  MultiPlatformLibrary: b0bf4310a54de088974fb6e883132eaaac349b0f

PODFILE CHECKSUM: 98f129854622357d23222956ba5bf69bf541be7a

COCOAPODS: 1.8.4
